
Microsoft Visual Studio Solution File, Format Version 12.00
# Visual Studio Version 17
VisualStudioVersion = 17.11.35327.3
MinimumVisualStudioVersion = 10.0.40219.1
Project("{9A19103F-16F7-4668-BE54-9A1E7A4F7556}") = "Inheritance", "Inheritance.csproj", "{6B701594-4F45-4F4E-8225-1898250791AA}"
EndProject
Global
	GlobalSection(SolutionConfigurationPlatforms) = preSolution
		Debug|Any CPU = Debug|Any CPU
		Release|Any CPU = Release|Any CPU
	EndGlobalSection
	GlobalSection(ProjectConfigurationPlatforms) = postSolution
		{6B701594-4F45-4F4E-8225-1898250791AA}.Debug|Any CPU.ActiveCfg = Debug|Any CPU
		{6B701594-4F45-4F4E-8225-1898250791AA}.Debug|Any CPU.Build.0 = Debug|Any CPU
		{6B701594-4F45-4F4E-8225-1898250791AA}.Release|Any CPU.ActiveCfg = Release|Any CPU
		{6B701594-4F45-4F4E-8225-1898250791AA}.Release|Any CPU.Build.0 = Release|Any CPU
	EndGlobalSection
	GlobalSection(SolutionProperties) = preSolution
		HideSolutionNode = FALSE
	EndGlobalSection
	GlobalSection(ExtensibilityGlobals) = postSolution
		SolutionGuid = {DBEA6F37-BD4E-4272-B38A-FABAE5B5FE4F}
	EndGlobalSection
EndGlobal
